
Microsoft Visual Studio Solution File, Format Version 12.00
# Visual Studio Version 17
VisualStudioVersion = 17.5.33516.290
MinimumVisualStudioVersion = 10.0.40219.1
Project("{8BC9CEB8-8B4A-11D0-8D11-00A0C91BC942}") = "Window", "Window\Window.vcxproj", "{BCB674EA-3B94-41C1-9F84-3AB5F9FC826C}"
EndProject
Project("{8BC9CEB8-8B4A-11D0-8D11-00A0C91BC942}") = "Curen", "Curen\Curen.vcxproj", "{7C6F1370-6C62-43B6-BA59-14DA54BB5B1F}"
EndProject
Global
	GlobalSection(SolutionConfigurationPlatforms) = preSolution
		Debug|x64 = Debug|x64
		Debug|x86 = Debug|x86
		Release|x64 = Release|x64
		Release|x86 = Release|x86
	EndGlobalSection
	GlobalSection(ProjectConfigurationPlatforms) = postSolution
		{BCB674EA-3B94-41C1-9F84-3AB5F9FC826C}.Debug|x64.ActiveCfg = Debug|x64
		{BCB674EA-3B94-41C1-9F84-3AB5F9FC826C}.Debug|x64.Build.0 = Debug|x64
		{BCB674EA-3B94-41C1-9F84-3AB5F9FC826C}.Debug|x86.ActiveCfg = Debug|Win32
		{BCB674EA-3B94-41C1-9F84-3AB5F9FC826C}.Debug|x86.Build.0 = Debug|Win32
		{BCB674EA-3B94-41C1-9F84-3AB5F9FC826C}.Release|x64.ActiveCfg = Release|x64
		{BCB674EA-3B94-41C1-9F84-3AB5F9FC826C}.Release|x64.Build.0 = Release|x64
		{BCB674EA-3B94-41C1-9F84-3AB5F9FC826C}.Release|x86.ActiveCfg = Release|Win32
		{BCB674EA-3B94-41C1-9F84-3AB5F9FC826C}.Release|x86.Build.0 = Release|Win32
		{7C6F1370-6C62-43B6-BA59-14DA54BB5B1F}.Debug|x64.ActiveCfg = Debug|x64
		{7C6F1370-6C62-43B6-BA59-14DA54BB5B1F}.Debug|x64.Build.0 = Debug|x64
		{7C6F1370-6C62-43B6-BA59-14DA54BB5B1F}.Debug|x86.ActiveCfg = Debug|Win32
		{7C6F1370-6C62-43B6-BA59-14DA54BB5B1F}.Debug|x86.Build.0 = Debug|Win32
		{7C6F1370-6C62-43B6-BA59-14DA54BB5B1F}.Release|x64.ActiveCfg = Release|x64
		{7C6F1370-6C62-43B6-BA59-14DA54BB5B1F}.Release|x64.Build.0 = Release|x64
		{7C6F1370-6C62-43B6-BA59-14DA54BB5B1F}.Release|x86.ActiveCfg = Release|Win32
		{7C6F1370-6C62-43B6-BA59-14DA54BB5B1F}.Release|x86.Build.0 = Release|Win32
	EndGlobalSection
	GlobalSection(SolutionProperties) = preSolution
		HideSolutionNode = FALSE
	EndGlobalSection
	GlobalSection(ExtensibilityGlobals) = postSolution
		SolutionGuid = {73917A30-1641-4476-A8C2-97E524D5CDEF}
	EndGlobalSection
EndGlobal
